
Microsoft Visual Studio Solution File, Format Version 12.00
# Visual Studio 15
VisualStudioVersion = 15.0.26430.14
MinimumVisualStudioVersion = 10.0.40219.1
Project("{8BC9CEB8-8B4A-11D0-8D11-00A0C91BC942}") = "LaneDetection", "LaneDetection\LaneDetection.vcxproj", "{7D0923C5-7F17-4965-A8E0-5A91A8AD4567}"
EndProject
Global
	GlobalSection(SolutionConfigurationPlatforms) = preSolution
		Debug|x64 = Debug|x64
		Debug|x86 = Debug|x86
		ocv_debug|x64 = ocv_debug|x64
		ocv_debug|x86 = ocv_debug|x86
		ocv_release|x64 = ocv_release|x64
		ocv_release|x86 = ocv_release|x86
		Release|x64 = Release|x64
		Release|x86 = Release|x86
	EndGlobalSection
	GlobalSection(ProjectConfigurationPlatforms) = postSolution
		{7D0923C5-7F17-4965-A8E0-5A91A8AD4567}.Debug|x64.ActiveCfg = Debug|x64
		{7D0923C5-7F17-4965-A8E0-5A91A8AD4567}.Debug|x64.Build.0 = Debug|x64
		{7D0923C5-7F17-4965-A8E0-5A91A8AD4567}.Debug|x86.ActiveCfg = Debug|Win32
		{7D0923C5-7F17-4965-A8E0-5A91A8AD4567}.Debug|x86.Build.0 = Debug|Win32
		{7D0923C5-7F17-4965-A8E0-5A91A8AD4567}.ocv_debug|x64.ActiveCfg = opencv_debug|x64
		{7D0923C5-7F17-4965-A8E0-5A91A8AD4567}.ocv_debug|x64.Build.0 = opencv_debug|x64
		{7D0923C5-7F17-4965-A8E0-5A91A8AD4567}.ocv_debug|x86.ActiveCfg = opencv_debug|Win32
		{7D0923C5-7F17-4965-A8E0-5A91A8AD4567}.ocv_debug|x86.Build.0 = opencv_debug|Win32
		{7D0923C5-7F17-4965-A8E0-5A91A8AD4567}.ocv_release|x64.ActiveCfg = opencv_release|x64
		{7D0923C5-7F17-4965-A8E0-5A91A8AD4567}.ocv_release|x64.Build.0 = opencv_release|x64
		{7D0923C5-7F17-4965-A8E0-5A91A8AD4567}.ocv_release|x86.ActiveCfg = opencv_release|Win32
		{7D0923C5-7F17-4965-A8E0-5A91A8AD4567}.ocv_release|x86.Build.0 = opencv_release|Win32
		{7D0923C5-7F17-4965-A8E0-5A91A8AD4567}.Release|x64.ActiveCfg = Release|x64
		{7D0923C5-7F17-4965-A8E0-5A91A8AD4567}.Release|x64.Build.0 = Release|x64
		{7D0923C5-7F17-4965-A8E0-5A91A8AD4567}.Release|x86.ActiveCfg = Release|Win32
		{7D0923C5-7F17-4965-A8E0-5A91A8AD4567}.Release|x86.Build.0 = Release|Win32
	EndGlobalSection
	GlobalSection(SolutionProperties) = preSolution
		HideSolutionNode = FALSE
	EndGlobalSection
EndGlobal
